
Microsoft Visual Studio Solution File, Format Version 12.00
# Visual Studio Version 16
VisualStudioVersion = 25.0.1706.13
MinimumVisualStudioVersion = 10.0.40219.1
Project("{FAE04EC0-301F-11D3-BF4B-00C04F79EFBC}") = "paiza", "paiza\paiza.csproj", "{953282CC-FB9D-4204-9A08-E4C173C0E06B}"
EndProject
Global
	GlobalSection(SolutionConfigurationPlatforms) = preSolution
		Debug|Any CPU = Debug|Any CPU
		Release|Any CPU = Release|Any CPU
	EndGlobalSection
	GlobalSection(ProjectConfigurationPlatforms) = postSolution
		{953282CC-FB9D-4204-9A08-E4C173C0E06B}.Debug|Any CPU.ActiveCfg = Debug|Any CPU
		{953282CC-FB9D-4204-9A08-E4C173C0E06B}.Debug|Any CPU.Build.0 = Debug|Any CPU
		{953282CC-FB9D-4204-9A08-E4C173C0E06B}.Release|Any CPU.ActiveCfg = Release|Any CPU
		{953282CC-FB9D-4204-9A08-E4C173C0E06B}.Release|Any CPU.Build.0 = Release|Any CPU
	EndGlobalSection
	GlobalSection(SolutionProperties) = preSolution
		HideSolutionNode = FALSE
	EndGlobalSection
	GlobalSection(ExtensibilityGlobals) = postSolution
		SolutionGuid = {D66743B3-BBEC-49C2-B51C-B8D40A5745EB}
	EndGlobalSection
EndGlobal
