
Microsoft Visual Studio Solution File, Format Version 12.00
# Visual Studio Version 16
VisualStudioVersion = 25.0.1706.13
MinimumVisualStudioVersion = 10.0.40219.1
Project("{FAE04EC0-301F-11D3-BF4B-00C04F79EFBC}") = "paiza", "paiza.csproj", "{26ED6714-89A0-4293-91A6-2BCE683A07D8}"
EndProject
Global
	GlobalSection(SolutionConfigurationPlatforms) = preSolution
		Debug|Any CPU = Debug|Any CPU
		Release|Any CPU = Release|Any CPU
	EndGlobalSection
	GlobalSection(ProjectConfigurationPlatforms) = postSolution
		{26ED6714-89A0-4293-91A6-2BCE683A07D8}.Debug|Any CPU.ActiveCfg = Debug|Any CPU
		{26ED6714-89A0-4293-91A6-2BCE683A07D8}.Debug|Any CPU.Build.0 = Debug|Any CPU
		{26ED6714-89A0-4293-91A6-2BCE683A07D8}.Release|Any CPU.ActiveCfg = Release|Any CPU
		{26ED6714-89A0-4293-91A6-2BCE683A07D8}.Release|Any CPU.Build.0 = Release|Any CPU
	EndGlobalSection
	GlobalSection(SolutionProperties) = preSolution
		HideSolutionNode = FALSE
	EndGlobalSection
	GlobalSection(ExtensibilityGlobals) = postSolution
		SolutionGuid = {D22F085E-458C-4490-8927-02B9E9EC0CDA}
	EndGlobalSection
EndGlobal
